{
  "name": "scrambled-eggs",
  "version": "0.1.0",
  "lockfileVersion": 1,
  "requires": true,
  "dependencies": {
    "commander": {
      "version": "2.20.3",
      "resolved": "https://registry.npmjs.org/commander/-/commander-2.20.3.tgz",
      "integrity": "sha512-GpVkmM8vF2vQUkj2LvZmD35JxeJOLCwJ9cUkugyk2nuhbv3+mJvpLYYt+0+USMxE+oj+ey/lJEnhZw75x/OMcQ=="
    },
    "scrambow": {
      "version": "1.4.0",
      "resolved": "https://registry.npmjs.org/scrambow/-/scrambow-1.4.0.tgz",
      "integrity": "sha512-9AQin8JgF0fat5xRkJNJjfIoCLsMVtGhH2Ro3pkqvuOd0aiT4eFBRZkX6T0ojMUgmFTgdkYwVTO/nMim/LTQiA==",
      "requires": {
        "commander": "^2.19.0"
      }
    }
  }
}
